hash: 261421056519338002117e308bbe1828bfec23a52464a1cd7d1102808495de40
updated: 2017-11-15T15:52:40.959029+01:00
imports:
- name: github.com/beorn7/perks
  version: 4c0e84591b9aa9e6dcfdf3e020114cd81f89d5f9
  subpackages:
  - quantile
- name: github.com/dreamit-de/prom-nginx-exporter
  version: 58111c19b85fc2bed78cf5557894bc80be4e0191
  subpackages:
  - common
  - exporter
  - metric
  - scraper
- name: github.com/golang/protobuf
  version: 1e59b77b52bf8e4b449a57e6f79f21226d571845
  subpackages:
  - proto
- name: github.com/matttproud/golang_protobuf_extensions
  version: c12348ce28de40eed0136aa2b644d0ee0650e56c
  subpackages:
  - pbutil
- name: github.com/prometheus/client_golang
  version: c5b7fccd204277076155f10851dad72b76a49317
  subpackages:
  - prometheus
  - prometheus/promhttp
- name: github.com/prometheus/client_model
  version: 6f3806018612930941127f2a7c6c453ba2c527d2
  subpackages:
  - go
- name: github.com/prometheus/common
  version: 13ba4ddd0caa9c28ca7b7bffe1dfa9ed8d5ef207
  subpackages:
  - expfmt
  - internal/bitbucket.org/ww/goautoneg
  - log
  - model
- name: github.com/prometheus/procfs
  version: a6e9df898b1336106c743392c48ee0b71f5c4efa
  subpackages:
  - xfs
- name: github.com/Sirupsen/logrus
  version: 89742aefa4b206dcf400792f3bd35b542998eb3b
- name: golang.org/x/crypto
  version: 9f005a07e0d31d45e6656d241bb5c0f2efd4bc94
  subpackages:
  - ssh/terminal
- name: golang.org/x/sys
  version: bf42f188b9bc6f2cf5b8ee5a912ef1aedd0eba4c
  subpackages:
  - unix
  - windows
  - windows/registry
  - windows/svc/eventlog
- name: gopkg.in/check.v1
  version: 20d25e2804050c1cd24a7eea1e7a6447dd0e74ec
testImports: []
